
Microsoft Visual Studio Solution File, Format Version 12.00
# Visual Studio Version 17
VisualStudioVersion = 17.2.32630.192
MinimumVisualStudioVersion = 10.0.40219.1
Project("{FAE04EC0-301F-11D3-BF4B-00C04F79EFBC}") = "areaANDcircumference", "areaANDcircumference\areaANDcircumference.csproj", "{B67136F8-A1B9-4A5F-A4BB-BA94ED8F1F96}"
EndProject
Global
	GlobalSection(SolutionConfigurationPlatforms) = preSolution
		Debug|Any CPU = Debug|Any CPU
		Release|Any CPU = Release|Any CPU
	EndGlobalSection
	GlobalSection(ProjectConfigurationPlatforms) = postSolution
		{B67136F8-A1B9-4A5F-A4BB-BA94ED8F1F96}.Debug|Any CPU.ActiveCfg = Debug|Any CPU
		{B67136F8-A1B9-4A5F-A4BB-BA94ED8F1F96}.Debug|Any CPU.Build.0 = Debug|Any CPU
		{B67136F8-A1B9-4A5F-A4BB-BA94ED8F1F96}.Release|Any CPU.ActiveCfg = Release|Any CPU
		{B67136F8-A1B9-4A5F-A4BB-BA94ED8F1F96}.Release|Any CPU.Build.0 = Release|Any CPU
	EndGlobalSection
	GlobalSection(SolutionProperties) = preSolution
		HideSolutionNode = FALSE
	EndGlobalSection
	GlobalSection(ExtensibilityGlobals) = postSolution
		SolutionGuid = {1637B953-EC9A-4194-80CF-BA8BF6B41206}
	EndGlobalSection
EndGlobal
